// !$*UTF8*$!
{
	archiveVersion = 1;
	classes = {
	};
	objectVersion = 50;
	objects = {

/* Begin PBXBuildFile section */
		0E752B372364FE7D002A08DE /* DaysView.swift in Sources */ = {isa = PBXBuildFile; fileRef = 0E752B362364FE7D002A08DE /* DaysView.swift */; };
		0E77DD64236E0AB400E0F964 /* ExcerciseAnimationView.swift in Sources */ = {isa = PBXBuildFile; fileRef = 0E77DD63236E0AB400E0F964 /* ExcerciseAnimationView.swift */; };
		0E816A67235BB4B80061C6EE /* FlowerView.swift in Sources */ = {isa = PBXBuildFile; fileRef = 0E816A66235BB4B80061C6EE /* FlowerView.swift */; };
		0E816A69235BC9860061C6EE /* RingView.swift in Sources */ = {isa = PBXBuildFile; fileRef = 0E816A68235BC9860061C6EE /* RingView.swift */; };
		0E816A6B235BCA190061C6EE /* HomeView.swift in Sources */ = {isa = PBXBuildFile; fileRef = 0E816A6A235BCA190061C6EE /* HomeView.swift */; };
		0E840D372377139600054F02 /* ExcerciseCompletedView.swift in Sources */ = {isa = PBXBuildFile; fileRef = 0E840D362377139600054F02 /* ExcerciseCompletedView.swift */; };
		0E840D39237778C400054F02 /* CardStackView.swift in Sources */ = {isa = PBXBuildFile; fileRef = 0E840D38237778C400054F02 /* CardStackView.swift */; };
		0E897F6323428FAF0022A622 /* AppDelegate.swift in Sources */ = {isa = PBXBuildFile; fileRef = 0E897F6223428FAF0022A622 /* AppDelegate.swift */; };
		0E897F6523428FAF0022A622 /* SceneDelegate.swift in Sources */ = {isa = PBXBuildFile; fileRef = 0E897F6423428FAF0022A622 /* SceneDelegate.swift */; };
		0E897F6723428FAF0022A622 /* ContentView.swift in Sources */ = {isa = PBXBuildFile; fileRef = 0E897F6623428FAF0022A622 /* ContentView.swift */; };
		0E897F6923428FB30022A622 /* Assets.xcassets in Resources */ = {isa = PBXBuildFile; fileRef = 0E897F6823428FB30022A622 /* Assets.xcassets */; };
		0E897F6C23428FB30022A622 /* Preview Assets.xcassets in Resources */ = {isa = PBXBuildFile; fileRef = 0E897F6B23428FB30022A622 /* Preview Assets.xcassets */; };
		0E897F6F23428FB30022A622 /* LaunchScreen.storyboard in Resources */ = {isa = PBXBuildFile; fileRef = 0E897F6D23428FB30022A622 /* LaunchScreen.storyboard */; };
		0ED6AF2B235798C100375524 /* ExcerciseCardView.swift in Sources */ = {isa = PBXBuildFile; fileRef = 0ED6AF2A235798C100375524 /* ExcerciseCardView.swift */; };
		0ED6AF2D2357AED500375524 /* StyleGuide.swift in Sources */ = {isa = PBXBuildFile; fileRef = 0ED6AF2C2357AED500375524 /* StyleGuide.swift */; };
		0ED6AF2F2357B5D700375524 /* Model.swift in Sources */ = {isa = PBXBuildFile; fileRef = 0ED6AF2E2357B5D700375524 /* Model.swift */; };
/* End PBXBuildFile section */

/* Begin PBXFileReference section */
		0E752B362364FE7D002A08DE /* DaysView.swift */ = {isa = PBXFileReference; lastKnownFileType = sourcecode.swift; path = DaysView.swift; sourceTree = "<group>"; };
		0E77DD63236E0AB400E0F964 /* ExcerciseAnimationView.swift */ = {isa = PBXFileReference; lastKnownFileType = sourcecode.swift; path = ExcerciseAnimationView.swift; sourceTree = "<group>"; };
		0E816A66235BB4B80061C6EE /* FlowerView.swift */ = {isa = PBXFileReference; lastKnownFileType = sourcecode.swift; path = FlowerView.swift; sourceTree = "<group>"; };
		0E816A68235BC9860061C6EE /* RingView.swift */ = {isa = PBXFileReference; lastKnownFileType = sourcecode.swift; path = RingView.swift; sourceTree = "<group>"; };
		0E816A6A235BCA190061C6EE /* HomeView.swift */ = {isa = PBXFileReference; lastKnownFileType = sourcecode.swift; path = HomeView.swift; sourceTree = "<group>"; };
		0E840D362377139600054F02 /* ExcerciseCompletedView.swift */ = {isa = PBXFileReference; lastKnownFileType = sourcecode.swift; path = ExcerciseCompletedView.swift; sourceTree = "<group>"; };
		0E840D38237778C400054F02 /* CardStackView.swift */ = {isa = PBXFileReference; lastKnownFileType = sourcecode.swift; path = CardStackView.swift; sourceTree = "<group>"; };
		0E897F5F23428FAF0022A622 /* BreatheAppCards.app */ = {isa = PBXFileReference; explicitFileType = wrapper.application; includeInIndex = 0; path = BreatheAppCards.app; sourceTree = BUILT_PRODUCTS_DIR; };
		0E897F6223428FAF0022A622 /* AppDelegate.swift */ = {isa = PBXFileReference; lastKnownFileType = sourcecode.swift; path = AppDelegate.swift; sourceTree = "<group>"; };
		0E897F6423428FAF0022A622 /* SceneDelegate.swift */ = {isa = PBXFileReference; lastKnownFileType = sourcecode.swift; path = SceneDelegate.swift; sourceTree = "<group>"; };
		0E897F6623428FAF0022A622 /* ContentView.swift */ = {isa = PBXFileReference; lastKnownFileType = sourcecode.swift; path = ContentView.swift; sourceTree = "<group>"; };
		0E897F6823428FB30022A622 /* Assets.xcassets */ = {isa = PBXFileReference; lastKnownFileType = folder.assetcatalog; path = Assets.xcassets; sourceTree = "<group>"; };
		0E897F6B23428FB30022A622 /* Preview Assets.xcassets */ = {isa = PBXFileReference; lastKnownFileType = folder.assetcatalog; path = "Preview Assets.xcassets"; sourceTree = "<group>"; };
		0E897F6E23428FB30022A622 /* Base */ = {isa = PBXFileReference; lastKnownFileType = file.storyboard; name = Base; path = Base.lproj/LaunchScreen.storyboard; sourceTree = "<group>"; };
		0E897F7023428FB30022A622 /* Info.plist */ = {isa = PBXFileReference; lastKnownFileType = text.plist.xml; path = Info.plist; sourceTree = "<group>"; };
		0ED6AF2A235798C100375524 /* ExcerciseCardView.swift */ = {isa = PBXFileReference; lastKnownFileType = sourcecode.swift; path = ExcerciseCardView.swift; sourceTree = "<group>"; };
		0ED6AF2C2357AED500375524 /* StyleGuide.swift */ = {isa = PBXFileReference; lastKnownFileType = sourcecode.swift; path = StyleGuide.swift; sourceTree = "<group>"; };
		0ED6AF2E2357B5D700375524 /* Model.swift */ = {isa = PBXFileReference; lastKnownFileType = sourcecode.swift; path = Model.swift; sourceTree = "<group>"; };
/* End PBXFileReference section */

/* Begin PBXFrameworksBuildPhase section */
		0E897F5C23428FAF0022A622 /* Frameworks */ = {
			isa = PBXFrameworksBuildPhase;
			buildActionMask = 2147483647;
			files = (
			);
			runOnlyForDeploymentPostprocessing = 0;
		};
/* End PBXFrameworksBuildPhase section */

/* Begin PBXGroup section */
		0E897F5623428FAF0022A622 = {
			isa = PBXGroup;
			children = (
				0E897F6123428FAF0022A622 /* BreatheAppCards */,
				0E897F6023428FAF0022A622 /* Products */,
			);
			sourceTree = "<group>";
		};
		0E897F6023428FAF0022A622 /* Products */ = {
			isa = PBXGroup;
			children = (
				0E897F5F23428FAF0022A622 /* BreatheAppCards.app */,
			);
			name = Products;
			sourceTree = "<group>";
		};
		0E897F6123428FAF0022A622 /* BreatheAppCards */ = {
			isa = PBXGroup;
			children = (
				0E897F6223428FAF0022A622 /* AppDelegate.swift */,
				0E897F6423428FAF0022A622 /* SceneDelegate.swift */,
				0E897F6623428FAF0022A622 /* ContentView.swift */,
				0E840D38237778C400054F02 /* CardStackView.swift */,
				0ED6AF2A235798C100375524 /* ExcerciseCardView.swift */,
				0E816A66235BB4B80061C6EE /* FlowerView.swift */,
				0E816A68235BC9860061C6EE /* RingView.swift */,
				0E816A6A235BCA190061C6EE /* HomeView.swift */,
				0ED6AF2C2357AED500375524 /* StyleGuide.swift */,
				0E752B362364FE7D002A08DE /* DaysView.swift */,
				0ED6AF2E2357B5D700375524 /* Model.swift */,
				0E77DD63236E0AB400E0F964 /* ExcerciseAnimationView.swift */,
				0E840D362377139600054F02 /* ExcerciseCompletedView.swift */,
				0E897F6823428FB30022A622 /* Assets.xcassets */,
				0E897F6D23428FB30022A622 /* LaunchScreen.storyboard */,
				0E897F7023428FB30022A622 /* Info.plist */,
				0E897F6A23428FB30022A622 /* Preview Content */,
			);
			path = BreatheAppCards;
			sourceTree = "<group>";
		};
		0E897F6A23428FB30022A622 /* Preview Content */ = {
			isa = PBXGroup;
			children = (
				0E897F6B23428FB30022A622 /* Preview Assets.xcassets */,
			);
			path = "Preview Content";
			sourceTree = "<group>";
		};
/* End PBXGroup section */

/* Begin PBXNativeTarget section */
		0E897F5E23428FAF0022A622 /* BreatheAppCards */ = {
			isa = PBXNativeTarget;
			buildConfigurationList = 0E897F7323428FB30022A622 /* Build configuration list for PBXNativeTarget "BreatheAppCards" */;
			buildPhases = (
				0E897F5B23428FAF0022A622 /* Sources */,
				0E897F5C23428FAF0022A622 /* Frameworks */,
				0E897F5D23428FAF0022A622 /* Resources */,
			);
			buildRules = (
			);
			dependencies = (
			);
			name = BreatheAppCards;
			productName = BreatheAppCards;
			productReference = 0E897F5F23428FAF0022A622 /* BreatheAppCards.app */;
			productType = "com.apple.product-type.application";
		};
/* End PBXNativeTarget section */

/* Begin PBXProject section */
		0E897F5723428FAF0022A622 /* Project object */ = {
			isa = PBXProject;
			attributes = {
				LastSwiftUpdateCheck = 1110;
				LastUpgradeCheck = 1110;
				ORGANIZATIONNAME = "Arlind Aliu";
				TargetAttributes = {
					0E897F5E23428FAF0022A622 = {
						CreatedOnToolsVersion = 11.1;
					};
				};
			};
			buildConfigurationList = 0E897F5A23428FAF0022A622 /* Build configuration list for PBXProject "BreatheAppCards" */;
			compatibilityVersion = "Xcode 9.3";
			developmentRegion = en;
			hasScannedForEncodings = 0;
			knownRegions = (
				en,
				Base,
			);
			mainGroup = 0E897F5623428FAF0022A622;
			productRefGroup = 0E897F6023428FAF0022A622 /* Products */;
			projectDirPath = "";
			projectRoot = "";
			targets = (
				0E897F5E23428FAF0022A622 /* BreatheAppCards */,
			);
		};
/* End PBXProject section */

/* Begin PBXResourcesBuildPhase section */
		0E897F5D23428FAF0022A622 /* Resources */ = {
			isa = PBXResourcesBuildPhase;
			buildActionMask = 2147483647;
			files = (
				0E897F6F23428FB30022A622 /* LaunchScreen.storyboard in Resources */,
				0E897F6C23428FB30022A622 /* Preview Assets.xcassets in Resources */,
				0E897F6923428FB30022A622 /* Assets.xcassets in Resources */,
			);
			runOnlyForDeploymentPostprocessing = 0;
		};
/* End PBXResourcesBuildPhase section */

/* Begin PBXSourcesBuildPhase section */
		0E897F5B23428FAF0022A622 /* Sources */ = {
			isa = PBXSourcesBuildPhase;
			buildActionMask = 2147483647;
			files = (
				0E816A6B235BCA190061C6EE /* HomeView.swift in Sources */,
				0E840D39237778C400054F02 /* CardStackView.swift in Sources */,
				0ED6AF2B235798C100375524 /* ExcerciseCardView.swift in Sources */,
				0E77DD64236E0AB400E0F964 /* ExcerciseAnimationView.swift in Sources */,
				0E897F6323428FAF0022A622 /* AppDelegate.swift in Sources */,
				0E840D372377139600054F02 /* ExcerciseCompletedView.swift in Sources */,
				0E897F6523428FAF0022A622 /* SceneDelegate.swift in Sources */,
				0ED6AF2F2357B5D700375524 /* Model.swift in Sources */,
				0E752B372364FE7D002A08DE /* DaysView.swift in Sources */,
				0E816A69235BC9860061C6EE /* RingView.swift in Sources */,
				0ED6AF2D2357AED500375524 /* StyleGuide.swift in Sources */,
				0E816A67235BB4B80061C6EE /* FlowerView.swift in Sources */,
				0E897F6723428FAF0022A622 /* ContentView.swift in Sources */,
			);
			runOnlyForDeploymentPostprocessing = 0;
		};
/* End PBXSourcesBuildPhase section */

/* Begin PBXVariantGroup section */
		0E897F6D23428FB30022A622 /* LaunchScreen.storyboard */ = {
			isa = PBXVariantGroup;
			children = (
				0E897F6E23428FB30022A622 /* Base */,
			);
			name = LaunchScreen.storyboard;
			sourceTree = "<group>";
		};
/* End PBXVariantGroup section */

/* Begin XCBuildConfiguration section */
		0E897F7123428FB30022A622 /* Debug */ = {
			isa = XCBuildConfiguration;
			buildSettings = {
				ALWAYS_SEARCH_USER_PATHS = NO;
				CLANG_ANALYZER_NONNULL = YES;
				CLANG_ANALYZER_NUMBER_OBJECT_CONVERSION = YES_AGGRESSIVE;
				CLANG_CXX_LANGUAGE_STANDARD = "gnu++14";
				CLANG_CXX_LIBRARY = "libc++";
				CLANG_ENABLE_MODULES = YES;
				CLANG_ENABLE_OBJC_ARC = YES;
				CLANG_ENABLE_OBJC_WEAK = YES;
				CLANG_WARN_BLOCK_CAPTURE_AUTORELEASING = YES;
				CLANG_WARN_BOOL_CONVERSION = YES;
				CLANG_WARN_COMMA = YES;
				CLANG_WARN_CONSTANT_CONVERSION = YES;
				CLANG_WARN_DEPRECATED_OBJC_IMPLEMENTATIONS = YES;
				CLANG_WARN_DIRECT_OBJC_ISA_USAGE = YES_ERROR;
				CLANG_WARN_DOCUMENTATION_COMMENTS = YES;
				CLANG_WARN_EMPTY_BODY = YES;
				CLANG_WARN_ENUM_CONVERSION = YES;
				CLANG_WARN_INFINITE_RECURSION = YES;
				CLANG_WARN_INT_CONVERSION = YES;
				CLANG_WARN_NON_LITERAL_NULL_CONVERSION = YES;
				CLANG_WARN_OBJC_IMPLICIT_RETAIN_SELF = YES;
				CLANG_WARN_OBJC_LITERAL_CONVERSION = YES;
				CLANG_WARN_OBJC_ROOT_CLASS = YES_ERROR;
				CLANG_WARN_RANGE_LOOP_ANALYSIS = YES;
				CLANG_WARN_STRICT_PROTOTYPES = YES;
				CLANG_WARN_SUSPICIOUS_MOVE = YES;
				CLANG_WARN_UNGUARDED_AVAILABILITY = YES_AGGRESSIVE;
				CLANG_WARN_UNREACHABLE_CODE = YES;
				CLANG_WARN__DUPLICATE_METHOD_MATCH = YES;
				COPY_PHASE_STRIP = NO;
				DEBUG_INFORMATION_FORMAT = dwarf;
				ENABLE_STRICT_OBJC_MSGSEND = YES;
				ENABLE_TESTABILITY = YES;
				GCC_C_LANGUAGE_STANDARD = gnu11;
				GCC_DYNAMIC_NO_PIC = NO;
				GCC_NO_COMMON_BLOCKS = YES;
				GCC_OPTIMIZATION_LEVEL = 0;
				GCC_PREPROCESSOR_DEFINITIONS = (
					"DEBUG=1",
					"$(inherited)",
				);
				GCC_WARN_64_TO_32_BIT_CONVERSION = YES;
				GCC_WARN_ABOUT_RETURN_TYPE = YES_ERROR;
				GCC_WARN_UNDECLARED_SELECTOR = YES;
				GCC_WARN_UNINITIALIZED_AUTOS = YES_AGGRESSIVE;
				GCC_WARN_UNUSED_FUNCTION = YES;
				GCC_WARN_UNUSED_VARIABLE = YES;
				IPHONEOS_DEPLOYMENT_TARGET = 13.1;
				MTL_ENABLE_DEBUG_INFO = INCLUDE_SOURCE;
				MTL_FAST_MATH = YES;
				ONLY_ACTIVE_ARCH = YES;
				SDKROOT = iphoneos;
				SWIFT_ACTIVE_COMPILATION_CONDITIONS = DEBUG;
				SWIFT_OPTIMIZATION_LEVEL = "-Onone";
			};
			name = Debug;
		};
		0E897F7223428FB30022A622 /* Release */ = {
			isa = XCBuildConfiguration;
			buildSettings = {
				ALWAYS_SEARCH_USER_PATHS = NO;
				CLANG_ANALYZER_NONNULL = YES;
				CLANG_ANALYZER_NUMBER_OBJECT_CONVERSION = YES_AGGRESSIVE;
				CLANG_CXX_LANGUAGE_STANDARD = "gnu++14";
				CLANG_CXX_LIBRARY = "libc++";
				CLANG_ENABLE_MODULES = YES;
				CLANG_ENABLE_OBJC_ARC = YES;
				CLANG_ENABLE_OBJC_WEAK = YES;
				CLANG_WARN_BLOCK_CAPTURE_AUTORELEASING = YES;
				CLANG_WARN_BOOL_CONVERSION = YES;
				CLANG_WARN_COMMA = YES;
				CLANG_WARN_CONSTANT_CONVERSION = YES;
				CLANG_WARN_DEPRECATED_OBJC_IMPLEMENTATIONS = YES;
				CLANG_WARN_DIRECT_OBJC_ISA_USAGE = YES_ERROR;
				CLANG_WARN_DOCUMENTATION_COMMENTS = YES;
				CLANG_WARN_EMPTY_BODY = YES;
				CLANG_WARN_ENUM_CONVERSION = YES;
				CLANG_WARN_INFINITE_RECURSION = YES;
				CLANG_WARN_INT_CONVERSION = YES;
				CLANG_WARN_NON_LITERAL_NULL_CONVERSION = YES;
				CLANG_WARN_OBJC_IMPLICIT_RETAIN_SELF = YES;
				CLANG_WARN_OBJC_LITERAL_CONVERSION = YES;
				CLANG_WARN_OBJC_ROOT_CLASS = YES_ERROR;
				CLANG_WARN_RANGE_LOOP_ANALYSIS = YES;
				CLANG_WARN_STRICT_PROTOTYPES = YES;
				CLANG_WARN_SUSPICIOUS_MOVE = YES;
				CLANG_WARN_UNGUARDED_AVAILABILITY = YES_AGGRESSIVE;
				CLANG_WARN_UNREACHABLE_CODE = YES;
				CLANG_WARN__DUPLICATE_METHOD_MATCH = YES;
				COPY_PHASE_STRIP = NO;
				DEBUG_INFORMATION_FORMAT = "dwarf-with-dsym";
				ENABLE_NS_ASSERTIONS = NO;
				ENABLE_STRICT_OBJC_MSGSEND = YES;
				GCC_C_LANGUAGE_STANDARD = gnu11;
				GCC_NO_COMMON_BLOCKS = YES;
				GCC_WARN_64_TO_32_BIT_CONVERSION = YES;
				GCC_WARN_ABOUT_RETURN_TYPE = YES_ERROR;
				GCC_WARN_UNDECLARED_SELECTOR = YES;
				GCC_WARN_UNINITIALIZED_AUTOS = YES_AGGRESSIVE;
				GCC_WARN_UNUSED_FUNCTION = YES;
				GCC_WARN_UNUSED_VARIABLE = YES;
				IPHONEOS_DEPLOYMENT_TARGET = 13.1;
				MTL_ENABLE_DEBUG_INFO = NO;
				MTL_FAST_MATH = YES;
				SDKROOT = iphoneos;
				SWIFT_COMPILATION_MODE = wholemodule;
				SWIFT_OPTIMIZATION_LEVEL = "-O";
				VALIDATE_PRODUCT = YES;
			};
			name = Release;
		};
		0E897F7423428FB30022A622 /* Debug */ = {
			isa = XCBuildConfiguration;
			buildSettings = {
				ASSETCATALOG_COMPILER_APPICON_NAME = AppIcon;
				CODE_SIGN_STYLE = Automatic;
				DEVELOPMENT_ASSET_PATHS = "\"BreatheAppCards/Preview Content\"";
				DEVELOPMENT_TEAM = 7V3537E45N;
				ENABLE_PREVIEWS = YES;
				INFOPLIST_FILE = BreatheAppCards/Info.plist;
				LD_RUNPATH_SEARCH_PATHS = (
					"$(inherited)",
					"@executable_path/Frameworks",
				);
				PRODUCT_BUNDLE_IDENTIFIER = com.grit.breatheApp;
				PRODUCT_NAME = "$(TARGET_NAME)";
				SWIFT_VERSION = 5.0;
				TARGETED_DEVICE_FAMILY = "1,2";
			};
			name = Debug;
		};
		0E897F7523428FB30022A622 /* Release */ = {
			isa = XCBuildConfiguration;
			buildSettings = {
				ASSETCATALOG_COMPILER_APPICON_NAME = AppIcon;
				CODE_SIGN_STYLE = Automatic;
				DEVELOPMENT_ASSET_PATHS = "\"BreatheAppCards/Preview Content\"";
				DEVELOPMENT_TEAM = 7V3537E45N;
				ENABLE_PREVIEWS = YES;
				INFOPLIST_FILE = BreatheAppCards/Info.plist;
				LD_RUNPATH_SEARCH_PATHS = (
					"$(inherited)",
					"@executable_path/Frameworks",
				);
				PRODUCT_BUNDLE_IDENTIFIER = com.grit.breatheApp;
				PRODUCT_NAME = "$(TARGET_NAME)";
				SWIFT_VERSION = 5.0;
				TARGETED_DEVICE_FAMILY = "1,2";
			};
			name = Release;
		};
/* End XCBuildConfiguration section */

/* Begin XCConfigurationList section */
		0E897F5A23428FAF0022A622 /* Build configuration list for PBXProject "BreatheAppCards" */ = {
			isa = XCConfigurationList;
			buildConfigurations = (
				0E897F7123428FB30022A622 /* Debug */,
				0E897F7223428FB30022A622 /* Release */,
			);
			defaultConfigurationIsVisible = 0;
			defaultConfigurationName = Release;
		};
		0E897F7323428FB30022A622 /* Build configuration list for PBXNativeTarget "BreatheAppCards" */ = {
			isa = XCConfigurationList;
			buildConfigurations = (
				0E897F7423428FB30022A622 /* Debug */,
				0E897F7523428FB30022A622 /* Release */,
			);
			defaultConfigurationIsVisible = 0;
			defaultConfigurationName = Release;
		};
/* End XCConfigurationList section */
	};
	rootObject = 0E897F5723428FAF0022A622 /* Project object */;
}
